
Microsoft Visual Studio Solution File, Format Version 12.00
# Visual Studio 15
VisualStudioVersion = 15.0.27428.2015
MinimumVisualStudioVersion = 10.0.40219.1
Project("{FAE04EC0-301F-11D3-BF4B-00C04F79EFBC}") = "BitmexBotTest", "BitmexBotTest\BitmexBotTest.csproj", "{7D023CB1-0BC9-41EE-95C5-EA61F8B9C573}"
EndProject
Global
	GlobalSection(SolutionConfigurationPlatforms) = preSolution
		Debug|Any CPU = Debug|Any CPU
		Release|Any CPU = Release|Any CPU
	EndGlobalSection
	GlobalSection(ProjectConfigurationPlatforms) = postSolution
		{7D023CB1-0BC9-41EE-95C5-EA61F8B9C573}.Debug|Any CPU.ActiveCfg = Debug|Any CPU
		{7D023CB1-0BC9-41EE-95C5-EA61F8B9C573}.Debug|Any CPU.Build.0 = Debug|Any CPU
		{7D023CB1-0BC9-41EE-95C5-EA61F8B9C573}.Release|Any CPU.ActiveCfg = Release|Any CPU
		{7D023CB1-0BC9-41EE-95C5-EA61F8B9C573}.Release|Any CPU.Build.0 = Release|Any CPU
	EndGlobalSection
	GlobalSection(SolutionProperties) = preSolution
		HideSolutionNode = FALSE
	EndGlobalSection
	GlobalSection(ExtensibilityGlobals) = postSolution
		SolutionGuid = {E905071A-A41E-4B9F-B485-38BF2B74AA4F}
	EndGlobalSection
EndGlobal
